{
    "name": "com.trackandeat.app",
    "version": "1.0.0",
    "lockfileVersion": 1,
    "requires": true,
    "dependencies": {
        "cordova-plugin-network-information": {
            "version": "2.0.1",
            "resolved": "https://registry.npmjs.org/cordova-plugin-network-information/-/cordova-plugin-network-information-2.0.1.tgz",
            "integrity": "sha1-6QQh9DDGq3bUCSI/Jfzvu7zhdpA="
        },
        "cordova-plugin-splashscreen": {
            "version": "4.1.0",
            "resolved": "https://registry.npmjs.org/cordova-plugin-splashscreen/-/cordova-plugin-splashscreen-4.1.0.tgz",
            "integrity": "sha1-gQKKt2Q+YVWT0n8q0CRFYR8ZRrY="
        },
        "cordova-plugin-whitelist": {
            "version": "1.3.3",
            "resolved": "https://registry.npmjs.org/cordova-plugin-whitelist/-/cordova-plugin-whitelist-1.3.3.tgz",
            "integrity": "sha1-tehezbv+Wu3tQKG/TuI3LmfZb7Q="
        }
    }
}
